
Microsoft Visual Studio Solution File, Format Version 12.00
# Visual Studio Version 17
VisualStudioVersion = 17.10.34928.147
MinimumVisualStudioVersion = 10.0.40219.1
Project("{FAE04EC0-301F-11D3-BF4B-00C04F79EFBC}") = "ToDoListAPI", "ToDoListAPI\ToDoListAPI.csproj", "{2488C3C2-E7B0-478A-9641-6730AB13A316}"
EndProject
Global
	GlobalSection(SolutionConfigurationPlatforms) = preSolution
		Debug|Any CPU = Debug|Any CPU
		Release|Any CPU = Release|Any CPU
	EndGlobalSection
	GlobalSection(ProjectConfigurationPlatforms) = postSolution
		{2488C3C2-E7B0-478A-9641-6730AB13A316}.Debug|Any CPU.ActiveCfg = Debug|Any CPU
		{2488C3C2-E7B0-478A-9641-6730AB13A316}.Debug|Any CPU.Build.0 = Debug|Any CPU
		{2488C3C2-E7B0-478A-9641-6730AB13A316}.Release|Any CPU.ActiveCfg = Release|Any CPU
		{2488C3C2-E7B0-478A-9641-6730AB13A316}.Release|Any CPU.Build.0 = Release|Any CPU
	EndGlobalSection
	GlobalSection(SolutionProperties) = preSolution
		HideSolutionNode = FALSE
	EndGlobalSection
	GlobalSection(ExtensibilityGlobals) = postSolution
		SolutionGuid = {BFD24254-2D4E-4373-BDAC-C778266DF37A}
	EndGlobalSection
EndGlobal
